
Microsoft Visual Studio Solution File, Format Version 12.00
# Visual Studio Version 17
VisualStudioVersion = 17.11.35219.272
MinimumVisualStudioVersion = 10.0.40219.1
Project("{FAE04EC0-301F-11D3-BF4B-00C04F79EFBC}") = "Presntation  Layer", "Presntation  Layer\Presntation  Layer.csproj", "{4435DED3-3B83-439B-B06D-3A2F4431ED1C}"
EndProject
Project("{FAE04EC0-301F-11D3-BF4B-00C04F79EFBC}") = "Business Logic Layer", "Business Logic Layer\Business Logic Layer.csproj", "{EA21F342-DE59-44BC-BF24-373190006523}"
EndProject
Project("{FAE04EC0-301F-11D3-BF4B-00C04F79EFBC}") = "Data Access Layer", "Data Access Layer\Data Access Layer.csproj", "{F59E33BD-54FB-42F0-A7A1-C1A17156189C}"
EndProject
Global
	GlobalSection(SolutionConfigurationPlatforms) = preSolution
		Debug|Any CPU = Debug|Any CPU
		Release|Any CPU = Release|Any CPU
	EndGlobalSection
	GlobalSection(ProjectConfigurationPlatforms) = postSolution
		{4435DED3-3B83-439B-B06D-3A2F4431ED1C}.Debug|Any CPU.ActiveCfg = Debug|Any CPU
		{4435DED3-3B83-439B-B06D-3A2F4431ED1C}.Debug|Any CPU.Build.0 = Debug|Any CPU
		{4435DED3-3B83-439B-B06D-3A2F4431ED1C}.Release|Any CPU.ActiveCfg = Release|Any CPU
		{4435DED3-3B83-439B-B06D-3A2F4431ED1C}.Release|Any CPU.Build.0 = Release|Any CPU
		{EA21F342-DE59-44BC-BF24-373190006523}.Debug|Any CPU.ActiveCfg = Debug|Any CPU
		{EA21F342-DE59-44BC-BF24-373190006523}.Debug|Any CPU.Build.0 = Debug|Any CPU
		{EA21F342-DE59-44BC-BF24-373190006523}.Release|Any CPU.ActiveCfg = Release|Any CPU
		{EA21F342-DE59-44BC-BF24-373190006523}.Release|Any CPU.Build.0 = Release|Any CPU
		{F59E33BD-54FB-42F0-A7A1-C1A17156189C}.Debug|Any CPU.ActiveCfg = Debug|Any CPU
		{F59E33BD-54FB-42F0-A7A1-C1A17156189C}.Debug|Any CPU.Build.0 = Debug|Any CPU
		{F59E33BD-54FB-42F0-A7A1-C1A17156189C}.Release|Any CPU.ActiveCfg = Release|Any CPU
		{F59E33BD-54FB-42F0-A7A1-C1A17156189C}.Release|Any CPU.Build.0 = Release|Any CPU
	EndGlobalSection
	GlobalSection(SolutionProperties) = preSolution
		HideSolutionNode = FALSE
	EndGlobalSection
	GlobalSection(ExtensibilityGlobals) = postSolution
		SolutionGuid = {34E42676-5132-4A67-AEC1-8ECECBD8D767}
	EndGlobalSection
EndGlobal
